PODS:
  - fastpay_iraq (1.0.1):
    - Flutter
  - Flutter (1.0.0)

DEPENDENCIES:
  - fastpay_iraq (from `.symlinks/plugins/fastpay_iraq/ios`)
  - Flutter (from `Flutter`)

EXTERNAL SOURCES:
  fastpay_iraq:
    :path: ".symlinks/plugins/fastpay_iraq/ios"
  Flutter:
    :path: Flutter

SPEC CHECKSUMS:
  fastpay_iraq: c4dc6aeb8c49a18ebaab0d8ef45b2b2f25063087
  Flutter: f04841e97a9d0b0a8025694d0796dd46242b2854

PODFILE CHECKSUM: 044fcdb235c67cda34b233a0f09a79134cabc0b6

COCOAPODS: 1.11.3
